
Microsoft Visual Studio Solution File, Format Version 12.00
# Visual Studio 14
VisualStudioVersion = 14.0.25420.1
MinimumVisualStudioVersion = 10.0.40219.1
Project("{8BC9CEB8-8B4A-11D0-8D11-00A0C91BC942}") = "GothicZEN", "GothicZEN\GothicZEN.vcxproj", "{3D702662-3D1B-450E-905C-34DECB72208D}"
EndProject
Project("{8BC9CEB8-8B4A-11D0-8D11-00A0C91BC942}") = "GothicAnims", "GothicAnims\GothicAnims.vcxproj", "{4D702662-3D1B-450E-905C-34DECB72208D}"
EndProject
Global
	GlobalSection(SolutionConfigurationPlatforms) = preSolution
		Debug|x64 = Debug|x64
		Debug|x86 = Debug|x86
		Release|x64 = Release|x64
		Release|x86 = Release|x86
		RelNoOpt|x64 = RelNoOpt|x64
		RelNoOpt|x86 = RelNoOpt|x86
	EndGlobalSection
	GlobalSection(ProjectConfigurationPlatforms) = postSolution
		{3D702662-3D1B-450E-905C-34DECB72208D}.Debug|x64.ActiveCfg = Debug|x64
		{3D702662-3D1B-450E-905C-34DECB72208D}.Debug|x64.Build.0 = Debug|x64
		{3D702662-3D1B-450E-905C-34DECB72208D}.Debug|x86.ActiveCfg = Debug|Win32
		{3D702662-3D1B-450E-905C-34DECB72208D}.Debug|x86.Build.0 = Debug|Win32
		{3D702662-3D1B-450E-905C-34DECB72208D}.Release|x64.ActiveCfg = Release|x64
		{3D702662-3D1B-450E-905C-34DECB72208D}.Release|x64.Build.0 = Release|x64
		{3D702662-3D1B-450E-905C-34DECB72208D}.Release|x86.ActiveCfg = Release|Win32
		{3D702662-3D1B-450E-905C-34DECB72208D}.Release|x86.Build.0 = Release|Win32
		{3D702662-3D1B-450E-905C-34DECB72208D}.RelNoOpt|x64.ActiveCfg = RelNoOpt|x64
		{3D702662-3D1B-450E-905C-34DECB72208D}.RelNoOpt|x64.Build.0 = RelNoOpt|x64
		{3D702662-3D1B-450E-905C-34DECB72208D}.RelNoOpt|x86.ActiveCfg = RelNoOpt|Win32
		{3D702662-3D1B-450E-905C-34DECB72208D}.RelNoOpt|x86.Build.0 = RelNoOpt|Win32
		{4D702662-3D1B-450E-905C-34DECB72208D}.Debug|x64.ActiveCfg = Debug|x64
		{4D702662-3D1B-450E-905C-34DECB72208D}.Debug|x64.Build.0 = Debug|x64
		{4D702662-3D1B-450E-905C-34DECB72208D}.Debug|x86.ActiveCfg = Debug|Win32
		{4D702662-3D1B-450E-905C-34DECB72208D}.Debug|x86.Build.0 = Debug|Win32
		{4D702662-3D1B-450E-905C-34DECB72208D}.Release|x64.ActiveCfg = Release|x64
		{4D702662-3D1B-450E-905C-34DECB72208D}.Release|x64.Build.0 = Release|x64
		{4D702662-3D1B-450E-905C-34DECB72208D}.Release|x86.ActiveCfg = Release|Win32
		{4D702662-3D1B-450E-905C-34DECB72208D}.Release|x86.Build.0 = Release|Win32
		{4D702662-3D1B-450E-905C-34DECB72208D}.RelNoOpt|x64.ActiveCfg = RelNoOpt|x64
		{4D702662-3D1B-450E-905C-34DECB72208D}.RelNoOpt|x64.Build.0 = RelNoOpt|x64
		{4D702662-3D1B-450E-905C-34DECB72208D}.RelNoOpt|x86.ActiveCfg = RelNoOpt|Win32
		{4D702662-3D1B-450E-905C-34DECB72208D}.RelNoOpt|x86.Build.0 = RelNoOpt|Win32
	EndGlobalSection
	GlobalSection(SolutionProperties) = preSolution
		HideSolutionNode = FALSE
	EndGlobalSection
EndGlobal
